
Microsoft Visual Studio Solution File, Format Version 11.00
# Visual Studio 2010
# SharpDevelop 4.4
Project("{FAE04EC0-301F-11D3-BF4B-00C04F79EFBC}") = "Felt_32_European_32_Traditional", "Felt_32_European_32_Traditional\Felt_32_European_32_Traditional.csproj", "{87131030-7829-4418-8ADC-0ECD7A54F5E5}"
EndProject
Global
	GlobalSection(SolutionConfigurationPlatforms) = preSolution
		Debug|Any CPU = Debug|Any CPU
		Release|Any CPU = Release|Any CPU
	EndGlobalSection
	GlobalSection(ProjectConfigurationPlatforms) = postSolution
		{87131030-7829-4418-8ADC-0ECD7A54F5E5}.Debug|Any CPU.Build.0 = Debug|Any CPU
		{87131030-7829-4418-8ADC-0ECD7A54F5E5}.Debug|Any CPU.ActiveCfg = Debug|Any CPU
		{87131030-7829-4418-8ADC-0ECD7A54F5E5}.Release|Any CPU.Build.0 = Release|Any CPU
		{87131030-7829-4418-8ADC-0ECD7A54F5E5}.Release|Any CPU.ActiveCfg = Release|Any CPU
	EndGlobalSection
EndGlobal
